
Microsoft Visual Studio Solution File, Format Version 12.00
# Visual Studio Version 16
VisualStudioVersion = 16.0.29806.167
MinimumVisualStudioVersion = 10.0.40219.1
Project("{FAE04EC0-301F-11D3-BF4B-00C04F79EFBC}") = "MatrixConsole", "MatrixConsole\MatrixConsole.csproj", "{18328BFE-434B-4D0E-A5DC-136ABF7B4C57}"
EndProject
Global
	GlobalSection(SolutionConfigurationPlatforms) = preSolution
		Debug|Any CPU = Debug|Any CPU
		Release|Any CPU = Release|Any CPU
	EndGlobalSection
	GlobalSection(ProjectConfigurationPlatforms) = postSolution
		{18328BFE-434B-4D0E-A5DC-136ABF7B4C57}.Debug|Any CPU.ActiveCfg = Debug|Any CPU
		{18328BFE-434B-4D0E-A5DC-136ABF7B4C57}.Debug|Any CPU.Build.0 = Debug|Any CPU
		{18328BFE-434B-4D0E-A5DC-136ABF7B4C57}.Release|Any CPU.ActiveCfg = Release|Any CPU
		{18328BFE-434B-4D0E-A5DC-136ABF7B4C57}.Release|Any CPU.Build.0 = Release|Any CPU
	EndGlobalSection
	GlobalSection(SolutionProperties) = preSolution
		HideSolutionNode = FALSE
	EndGlobalSection
	GlobalSection(ExtensibilityGlobals) = postSolution
		SolutionGuid = {C6ECFEDF-C46A-493D-8C62-D666A5A30651}
	EndGlobalSection
EndGlobal
